{
  "name": "vrview",
  "version": "2.0.1",
  "lockfileVersion": 1,
  "requires": true,
  "dependencies": {
    "@tweenjs/tween.js": {
      "version": "16.8.0",
      "resolved": "https://registry.npmjs.org/@tweenjs/tween.js/-/tween.js-16.8.0.tgz",
      "integrity": "sha1-XEOWWQH9lVSycOISUfTRjuSQadM="
    },
    "browserify": {
      "version": "13.3.0",
      "resolved": "https://registry.npmjs.org/browserify/-/browserify-13.3.0.tgz",
      "integrity": "sha1-tanJAgJD8McORnW+yCI7xifkFc4=",
      "dev": true
    },
    "derequire": {
      "version": "2.0.6",
      "resolved": "https://registry.npmjs.org/derequire/-/derequire-2.0.6.tgz",
      "integrity": "sha1-MaQUu3yhdiOfp4sRZjbvd9UX52g=",
      "dev": true
    },
    "es6-promise": {
      "version": "3.3.1",
      "resolved": "https://registry.npmjs.org/es6-promise/-/es6-promise-3.3.1.tgz",
      "integrity": "sha1-oIzd6EzNvzTQJ6FFG8kdS80ophM="
    },
    "eslint": {
      "version": "4.2.0",
      "resolved": "https://registry.npmjs.org/eslint/-/eslint-4.2.0.tgz",
      "integrity": "sha1-orMYQRGxmOAunH88ymJaXgHFaz0=",
      "dev": true,
      "dependencies": {
        "concat-stream": {
          "version": "1.6.0",
          "resolved": "https://registry.npmjs.org/concat-stream/-/concat-stream-1.6.0.tgz",
          "integrity": "sha1-CqxmL9Ur54lk1VMvaUeE5wEQrPc="
        },
        "json-stable-stringify": {
          "version": "1.0.1",
          "resolved": "https://registry.npmjs.org/json-stable-stringify/-/json-stable-stringify-1.0.1.tgz",
          "integrity": "sha1-mnWdOcXy/1A/1TAGRu1EX4jE+a8="
        }
      }
    },
    "eslint-config-google": {
      "version": "0.9.1",
      "resolved": "https://registry.npmjs.org/eslint-config-google/-/eslint-config-google-0.9.1.tgz",
      "integrity": "sha512-5A83D+lH0PA81QMESKbLJd/a3ic8tPZtwUmqNrxMRo54nfFaUvtt89q/+icQ+fd66c2xQHn0KyFkzJDoAUfpZA==",
      "dev": true
    },
    "eventemitter3": {
      "version": "1.2.0",
      "resolved": "https://registry.npmjs.org/eventemitter3/-/eventemitter3-1.2.0.tgz",
      "integrity": "sha1-HIaZHYFq0eUEdQ5zh0Ik7PO+xQg="
    },
    "rollup": {
      "version": "0.37.2",
      "resolved": "https://registry.npmjs.org/rollup/-/rollup-0.37.2.tgz",
      "integrity": "sha1-zBWdIKLzYVzMIkikOFqsuz1tYEI=",
      "dev": true
    },
    "shaka-player": {
      "version": "2.1.4",
      "resolved": "https://registry.npmjs.org/shaka-player/-/shaka-player-2.1.4.tgz",
      "integrity": "sha1-3uXDOLfwgnpkfOLATJ3sJioDt9Y="
    },
    "stats-js": {
      "version": "1.0.0-alpha1",
      "resolved": "https://registry.npmjs.org/stats-js/-/stats-js-1.0.0-alpha1.tgz",
      "integrity": "sha1-RK6C5kIRI7q5l1DZXD9VJrjyV9s="
    },
    "three": {
      "version": "0.84.0",
      "resolved": "https://registry.npmjs.org/three/-/three-0.84.0.tgz",
      "integrity": "sha1-lb6FpVoPoAKqYl7VWRMJV9z/2Rg="
    },
    "uglify-es": {
      "version": "3.0.24",
      "resolved": "https://registry.npmjs.org/uglify-es/-/uglify-es-3.0.24.tgz",
      "integrity": "sha512-5BfuaLWF0idSXopD0iAK6osMvyo1jEyuQ8MtSpOdLvqUDjlfDDf18qEyz3M7athqorybUuAoKpKW1DhFIhxP2w==",
      "dev": true
    },
    "urijs": {
      "version": "1.19.11",
      "resolved": "https://registry.npmjs.org/urijs/-/urijs-1.19.11.tgz",
      "integrity": "sha512-HXgFDgDommxn5/bIv0cnQZsPhHDA90NPHD6+c/v21U5+Sx5hoP8+dP9IZXBU1gIfvdRfhG8cel9QNPeionfcCQ=="
    },
    "watchify": {
      "version": "3.9.0",
      "resolved": "https://registry.npmjs.org/watchify/-/watchify-3.9.0.tgz",
      "integrity": "sha1-8HX9LoqGrN6Eztum5cKgvt1SPZ4=",
      "dev": true,
      "dependencies": {
        "browserify": {
          "version": "14.4.0",
          "resolved": "https://registry.npmjs.org/browserify/-/browserify-14.4.0.tgz",
          "integrity": "sha1-CJo0Y69Y0OSNjNQHCz90ZU1avKk="
        },
        "buffer": {
          "version": "5.0.6",
          "resolved": "https://registry.npmjs.org/buffer/-/buffer-5.0.6.tgz",
          "integrity": "sha1-LqZp9+7Atu2gWwj4tf9mGyhXNYg="
        },
        "https-browserify": {
          "version": "1.0.0",
          "resolved": "https://registry.npmjs.org/https-browserify/-/https-browserify-1.0.0.tgz",
          "integrity": "sha1-7AbBDgo0wPL68Zn3/X/Hj//QPHM="
        },
        "string_decoder": {
          "version": "1.0.3",
          "resolved": "https://registry.npmjs.org/string_decoder/-/string_decoder-1.0.3.tgz",
          "integrity": "sha512-4AH6Z5fzNNBcH+6XDMfA/BTt87skxqJlO0lAh3Dker5zThcAxG6mKz+iGu308UKoPPQ8Dcqx/4JhujzltRa+hQ=="
        }
      }
    },
    "webvr-boilerplate": {
      "version": "0.4.9",
      "resolved": "https://registry.npmjs.org/webvr-boilerplate/-/webvr-boilerplate-0.4.9.tgz",
      "integrity": "sha1-AeEiuUoSh0n7eIyMLh6fv7Kt5Mk="
    },
    "webvr-polyfill": {
      "version": "0.9.41",
      "resolved": "https://registry.npmjs.org/webvr-polyfill/-/webvr-polyfill-0.9.41.tgz",
      "integrity": "sha512-xgZPm7DXd2iUn4wh+/ubh1AzYWaHlx6VCmpxgTvoKzi1sMz9ePChQvsq1tm18aUfuzs6dtMrnNWoaQIwl81QsQ=="
    }
  }
}
